
Microsoft Visual Studio Solution File, Format Version 12.00
# Visual Studio Version 16
VisualStudioVersion = 16.0.28803.452
MinimumVisualStudioVersion = 10.0.40219.1
Project("{FAE04EC0-301F-11D3-BF4B-00C04F79EFBC}") = "SimVal.NETF", "SimVal.NETF\SimVal.NETF.csproj", "{B029F14C-FB25-45EC-AB0B-5CE2F8A6F351}"
EndProject
Project("{FAE04EC0-301F-11D3-BF4B-00C04F79EFBC}") = "SimVal.NETF_Test", "SimVal.NETF_Test\SimVal.NETF_Test.csproj", "{F7BBCD7A-4FD3-4686-989E-42BCE3AD4A6B}"
EndProject
Global
	GlobalSection(SolutionConfigurationPlatforms) = preSolution
		Debug|Any CPU = Debug|Any CPU
		Release|Any CPU = Release|Any CPU
	EndGlobalSection
	GlobalSection(ProjectConfigurationPlatforms) = postSolution
		{B029F14C-FB25-45EC-AB0B-5CE2F8A6F351}.Debug|Any CPU.ActiveCfg = Debug|Any CPU
		{B029F14C-FB25-45EC-AB0B-5CE2F8A6F351}.Debug|Any CPU.Build.0 = Debug|Any CPU
		{B029F14C-FB25-45EC-AB0B-5CE2F8A6F351}.Release|Any CPU.ActiveCfg = Release|Any CPU
		{B029F14C-FB25-45EC-AB0B-5CE2F8A6F351}.Release|Any CPU.Build.0 = Release|Any CPU
		{F7BBCD7A-4FD3-4686-989E-42BCE3AD4A6B}.Debug|Any CPU.ActiveCfg = Debug|Any CPU
		{F7BBCD7A-4FD3-4686-989E-42BCE3AD4A6B}.Debug|Any CPU.Build.0 = Debug|Any CPU
		{F7BBCD7A-4FD3-4686-989E-42BCE3AD4A6B}.Release|Any CPU.ActiveCfg = Release|Any CPU
		{F7BBCD7A-4FD3-4686-989E-42BCE3AD4A6B}.Release|Any CPU.Build.0 = Release|Any CPU
	EndGlobalSection
	GlobalSection(SolutionProperties) = preSolution
		HideSolutionNode = FALSE
	EndGlobalSection
	GlobalSection(ExtensibilityGlobals) = postSolution
		SolutionGuid = {E873B30D-8DE6-4D50-8723-3353963E6F1F}
	EndGlobalSection
EndGlobal
